github.com/cenk/hub v1.0.1/go.mod h1:rJM1LNAW0ppT8FMMuPK6c2NP/R2nH/UthtuRySSaf6Y=
github.com/cenkalti/hub v1.0.1-0.20160527103212-11382a9960d3/go.mod h1:tcYwtS3a2d9NO/0xDXVJWx3IedurUjYCqFCmpi0lpHs=
github.com/cenkalti/hub v1.0.2 h1:Nqv9TNaA9boeO2wQFW8o87BY3zKthtnzXmWGmJqhAV8=
github.com/cenkalti/hub v1.0.2/go.mod h1:8LAFAZcCasb83vfxatMUnZHRoQcffho2ELpHb+kaTJU=
github.com/cenkalti/rpc2 v0.0.0-20180727162946-9642ea02d0aa/go.mod h1:v2npkhrXyk5BCnkNIiPdRI23Uq6uWPUQGL2hnRcRr/M=
github.com/cenkalti/rpc2 v1.0.3 h1:OkMsNP/sP9seN1VRCLqhX1xkVGHPoLwWS6fZR14Ji/k=
github.com/cenkalti/rpc2 v1.0.3/go.mod h1:2yfU5b86vOr16+iY1jN3MvT6Kxc9Nf8j5iZWwUf7iaw=
github.com/davecgh/go-spew v1.1.0/go.mod h1:J7Y8YcW2NihsgmVo/mv3lAwl/skON4iLHjSsI+c5H38=
github.com/go-sql-driver/mysql v1.6.0/go.mod h1:DCzpHaOWr8IXmIStZouvnhqoel9Qv2LBy8hT2VhHyBg=
github.com/go-telegram-bot-api/telegram-bot-api v4.6.4+incompatible h1:2cauKuaELYAEARXRkq2LrJ0yDDv1rW7+wrTEdVL3uaU=
github.com/go-telegram-bot-api/telegram-bot-api v4.6.4+incompatible/go.mod h1:qf9acutJ8cwBUhm1bqgz6Bei9/C/c93FPDljKWwsOgM=
github.com/go-telegram-bot-api/telegram-bot-api/v5 v5.5.1 h1:wG8n/XJQ07TmjbITcGiUaOtXxdrINDz1b0J1w0SzqDc=
github.com/go-telegram-bot-api/telegram-bot-api/v5 v5.5.1/go.mod h1:A2S0CWkNylc2phvKXWBBdD3K0iGnDBGbzRpISP2zBl8=
github.com/gorilla/websocket v1.4.1/go.mod h1:YR8l580nyteQvAITg2hZ9XVh4b55+EU/adAjf1fMHhE=
github.com/gorilla/websocket v1.5.1 h1:gmztn0JnHVt9JZquRuzLw3g4wouNVzKL15iLr/zn/QY=
github.com/gorilla/websocket v1.5.1/go.mod h1:x3kM2JMyaluk02fnUJpQuwD2dCS5NDG2ZHL0uE0tcaY=
github.com/jmoiron/sqlx v1.3.5 h1:vFFPA71p1o5gAeqtEAwLU4dnX2napprKtHr7PYIcN3g=
github.com/jmoiron/sqlx v1.3.5/go.mod h1:nRVWtLre0KfCLJvgxzCsLVMogSvQ1zNJtpYr2Ccp0mQ=
github.com/lib/pq v1.2.0/go.mod h1:5WUZQaWbwv1U+lTReE5YruASi9Al49XbQIvNi/34Woo=
github.com/mattn/go-sqlite3 v1.14.6/go.mod h1:NyWgC/yNuGj7Q9rpYnZvas74GogHl5/Z4A/KQRfk6bU=
github.com/mattn/go-sqlite3 v1.14.22 h1:2gZY6PC6kBnID23Tichd1K+Z0oS6nE/XwU+Vz/5o4kU=
github.com/mattn/go-sqlite3 v1.14.22/go.mod h1:Uh1q+B4BYcTPb+yiD3kU8Ct7aC0hY9fxUwlHK0RXw+Y=
github.com/pmezard/go-difflib v1.0.0/go.mod h1:iKH77koFhYxTK1pcRnkKkqfTogsbg7gZNVY4sRDYZ/4=
github.com/samber/lo v1.39.0 h1:4gTz1wUhNYLhFSKl6O+8peW0v2F4BCY034GRpU9WnuA=
github.com/samber/lo v1.39.0/go.mod h1:+m/ZKRl6ClXCE2Lgf3MsQlWfh4bn1bz6CXEOxnEXnEA=
github.com/sashabaranov/go-openai v1.17.9 h1:QEoBiGKWW68W79YIfXWEFZ7l5cEgZBV4/Ow3uy+5hNY=
github.com/sashabaranov/go-openai v1.17.9/go.mod h1:lj5b/K+zjTSFxVLijLSTDZuP7adOgerWeFyZLUhAKRg=
github.com/siku2/arigo v0.2.0 h1:gB5zGgCNtRd83IrdeimL+Jp5Yhj9wKo/DhAvVXh/l4k=
github.com/siku2/arigo v0.2.0/go.mod h1:/slSGOCL5awvY4Q9SlyR15wBjeGllHLrLE1E/2MztMQ=
github.com/stretchr/objx v0.1.0/go.mod h1:HFkY916IF+rwdDfMAkV7OtwuqBVzrE8GR6GFx+wExME=
github.com/stretchr/testify v1.3.0/go.mod h1:M5WIy9Dh21IEIfnGCwXGc5bZfKNJtfHm1UVUgZn+9EI=
github.com/technoweenie/multipartstreamer v1.0.1 h1:XRztA5MXiR1TIRHxH2uNxXxaIkKQDeX7m2XsSOlQEnM=
github.com/technoweenie/multipartstreamer v1.0.1/go.mod h1:jNVxdtShOxzAsukZwTSw6MDx5eUJoiEBsSvzDU9uzog=
github.com/viogami/Gobot-vio v0.0.0-20240316110757-04733ef05413 h1:2eMsG74+p/Bhsw99qWF1nuPkPIpGQaVpDFLKDkuI2fs=
github.com/viogami/Gobot-vio v0.0.0-20240316110757-04733ef05413/go.mod h1:vSZ52ttFxcEkxZK93th3OkD//TfPb7jgrAZDu30yjBs=
golang.org/x/exp v0.0.0-20220303212507-bbda1eaf7a17 h1:3MTrJm4PyNL9NBqvYDSj3DHl46qQakyfqfWo4jgfaEM=
golang.org/x/exp v0.0.0-20220303212507-bbda1eaf7a17/go.mod h1:lgLbSvA5ygNOMpwM/9anMpWVlVJ7Z+cHWq/eFuinpGE=
golang.org/x/net v0.22.0 h1:9sGLhx7iRIHEiX0oAJ3MRZMUCElJgy7Br1nO+AMN3Tc=
golang.org/x/net v0.22.0/go.mod h1:JKghWKKOSdJwpW2GEx0Ja7fmaKnMsbu+MWVZTokSYmg=
